{
  "name": "blazor.powerpoint.addin.client",
  "version": "1.0.0",
  "lockfileVersion": 3,
  "requires": true,
  "packages": {
    "": {
      "name": "blazor.powerpoint.addin.client",
      "version": "1.0.0",
      "license": "ISC",
      "devDependencies": {
        "@types/office-js": "^1.0.462"
      }
    },
    "node_modules/@types/office-js": {
      "version": "1.0.467",
      "resolved": "https://registry.npmjs.org/@types/office-js/-/office-js-1.0.467.tgz",
      "integrity": "sha512-y0uhyAEfeaqSU48CBJckwtOqFiD8C8ICZwwLR2+rL5RHA83xgyehNo1IFtw/j6IRWHyeGaKVZc7XxIuZuwuCPg==",
      "dev": true,
      "license": "MIT"
    }
  }
}
