{
  "name": "blazor.powerpoint.addin",
  "version": "1.0.0",
  "lockfileVersion": 3,
  "requires": true,
  "packages": {
    "": {
      "name": "blazor.powerpoint.addin",
      "version": "1.0.0",
      "license": "MIT",
      "devDependencies": {
        "@types/office-js-preview": "^1.0.691"
      }
    },
    "node_modules/@types/office-js-preview": {
      "version": "1.0.693",
      "resolved": "https://registry.npmjs.org/@types/office-js-preview/-/office-js-preview-1.0.693.tgz",
      "integrity": "sha512-JTd7TMZA7fu3U2kfbKR+6JOU56ZlASEsrlnCETu/x33MV2hPhpWncd3m058MN7hIj+5fXCKQx4/tXFsSUO/PKw==",
      "dev": true,
      "license": "MIT"
    }
  }
}
