{
  "name": "blazor.powerpoint.addin",
  "version": "1.0.0",
  "lockfileVersion": 3,
  "requires": true,
  "packages": {
    "": {
      "name": "blazor.powerpoint.addin",
      "version": "1.0.0",
      "license": "MIT",
      "devDependencies": {
        "@types/office-js-preview": "^1.0.683"
      }
    },
    "node_modules/@types/office-js-preview": {
      "version": "1.0.689",
      "resolved": "https://registry.npmjs.org/@types/office-js-preview/-/office-js-preview-1.0.689.tgz",
      "integrity": "sha512-aq7RVF9VGHC725fyc3gDEEtlW9ivyBStwP9jWVb+bewQ0JWpdntIzJZQEmddRDJBZfHuTd7DB1qvWmNAowkOMA==",
      "dev": true,
      "license": "MIT"
    }
  }
}
